
Microsoft Visual Studio Solution File, Format Version 12.00
# Visual Studio Version 16
VisualStudioVersion = 16.0.31402.337
MinimumVisualStudioVersion = 10.0.40219.1
Project("{FAE04EC0-301F-11D3-BF4B-00C04F79EFBC}") = "SecondCodingChallenge", "SecondCodingChallenge\SecondCodingChallenge.csproj", "{046F74C2-FEBE-4072-97E5-2181B144627D}"
EndProject
Global
	GlobalSection(SolutionConfigurationPlatforms) = preSolution
		Debug|Any CPU = Debug|Any CPU
		Release|Any CPU = Release|Any CPU
	EndGlobalSection
	GlobalSection(ProjectConfigurationPlatforms) = postSolution
		{046F74C2-FEBE-4072-97E5-2181B144627D}.Debug|Any CPU.ActiveCfg = Debug|Any CPU
		{046F74C2-FEBE-4072-97E5-2181B144627D}.Debug|Any CPU.Build.0 = Debug|Any CPU
		{046F74C2-FEBE-4072-97E5-2181B144627D}.Release|Any CPU.ActiveCfg = Release|Any CPU
		{046F74C2-FEBE-4072-97E5-2181B144627D}.Release|Any CPU.Build.0 = Release|Any CPU
	EndGlobalSection
	GlobalSection(SolutionProperties) = preSolution
		HideSolutionNode = FALSE
	EndGlobalSection
	GlobalSection(ExtensibilityGlobals) = postSolution
		SolutionGuid = {863ECC09-D895-493C-9E2F-A6B9C914848C}
	EndGlobalSection
EndGlobal
